
Microsoft Visual Studio Solution File, Format Version 12.00
# Visual Studio Version 16
VisualStudioVersion = 16.0.30011.22
MinimumVisualStudioVersion = 10.0.40219.1
Project("{FAE04EC0-301F-11D3-BF4B-00C04F79EFBC}") = "TrafficLights", "TrafficLights\TrafficLights.csproj", "{9417D30A-A0FB-422F-8297-898F866E7445}"
EndProject
Global
	GlobalSection(SolutionConfigurationPlatforms) = preSolution
		Debug|Any CPU = Debug|Any CPU
		Release|Any CPU = Release|Any CPU
	EndGlobalSection
	GlobalSection(ProjectConfigurationPlatforms) = postSolution
		{9417D30A-A0FB-422F-8297-898F866E7445}.Debug|Any CPU.ActiveCfg = Debug|Any CPU
		{9417D30A-A0FB-422F-8297-898F866E7445}.Debug|Any CPU.Build.0 = Debug|Any CPU
		{9417D30A-A0FB-422F-8297-898F866E7445}.Release|Any CPU.ActiveCfg = Release|Any CPU
		{9417D30A-A0FB-422F-8297-898F866E7445}.Release|Any CPU.Build.0 = Release|Any CPU
	EndGlobalSection
	GlobalSection(SolutionProperties) = preSolution
		HideSolutionNode = FALSE
	EndGlobalSection
	GlobalSection(ExtensibilityGlobals) = postSolution
		SolutionGuid = {9224CCB7-00AD-45DE-9ABB-73341420FE7B}
	EndGlobalSection
EndGlobal
